// !$*UTF8*$!
{
	archiveVersion = 1;
	classes = {
	};
	objectVersion = 50;
	objects = {

/* Begin PBXBuildFile section */
		DB92752D254A8073002D5DC2 /* AppDelegate.swift in Sources */ = {isa = PBXBuildFile; fileRef = DB92752C254A8073002D5DC2 /* AppDelegate.swift */; };
		DB927531254A8073002D5DC2 /* FirstVC.swift in Sources */ = {isa = PBXBuildFile; fileRef = DB927530254A8073002D5DC2 /* FirstVC.swift */; };
		DB927536254A8074002D5DC2 /* Assets.xcassets in Resources */ = {isa = PBXBuildFile; fileRef = DB927535254A8074002D5DC2 /* Assets.xcassets */; };
		DB927539254A8074002D5DC2 /* LaunchScreen.storyboard in Resources */ = {isa = PBXBuildFile; fileRef = DB927537254A8074002D5DC2 /* LaunchScreen.storyboard */; };
		DBC5391A254AA38A00EC89FC /* RouterManager.swift in Sources */ = {isa = PBXBuildFile; fileRef = DBC53919254AA38A00EC89FC /* RouterManager.swift */; };
		DBC5392A254ABDB500EC89FC /* FirstVC.xib in Resources */ = {isa = PBXBuildFile; fileRef = DBC53929254ABDB500EC89FC /* FirstVC.xib */; };
		DBC5392E254ABEB600EC89FC /* ThirdVC.swift in Sources */ = {isa = PBXBuildFile; fileRef = DBC5392C254ABEB600EC89FC /* ThirdVC.swift */; };
		DBC5392F254ABEB600EC89FC /* ThirdVC.xib in Resources */ = {isa = PBXBuildFile; fileRef = DBC5392D254ABEB600EC89FC /* ThirdVC.xib */; };
		DBC53936254AC3C000EC89FC /* SecondVC.xib in Resources */ = {isa = PBXBuildFile; fileRef = DBC53935254AC3C000EC89FC /* SecondVC.xib */; };
		DBC5393E254BF0C600EC89FC /* FourthVC.swift in Sources */ = {isa = PBXBuildFile; fileRef = DBC5393D254BF0C600EC89FC /* FourthVC.swift */; };
		DBC5394A254BF79F00EC89FC /* FourthVC.xib in Resources */ = {isa = PBXBuildFile; fileRef = DBC53949254BF79F00EC89FC /* FourthVC.xib */; };
		DBC5394D254C01AD00EC89FC /* FifthVC.swift in Sources */ = {isa = PBXBuildFile; fileRef = DBC5394C254C01AD00EC89FC /* FifthVC.swift */; };
		DBC53950254C01B800EC89FC /* FifthVC.xib in Resources */ = {isa = PBXBuildFile; fileRef = DBC5394F254C01B700EC89FC /* FifthVC.xib */; };
		DBDA602F254A90070034E0C3 /* SecondVC.swift in Sources */ = {isa = PBXBuildFile; fileRef = DBDA602E254A90070034E0C3 /* SecondVC.swift */; };
/* End PBXBuildFile section */

/* Begin PBXFileReference section */
		DB927529254A8073002D5DC2 /* VCTest2.app */ = {isa = PBXFileReference; explicitFileType = wrapper.application; includeInIndex = 0; path = VCTest2.app; sourceTree = BUILT_PRODUCTS_DIR; };
		DB92752C254A8073002D5DC2 /* AppDelegate.swift */ = {isa = PBXFileReference; lastKnownFileType = sourcecode.swift; path = AppDelegate.swift; sourceTree = "<group>"; };
		DB927530254A8073002D5DC2 /* FirstVC.swift */ = {isa = PBXFileReference; lastKnownFileType = sourcecode.swift; path = FirstVC.swift; sourceTree = "<group>"; };
		DB927535254A8074002D5DC2 /* Assets.xcassets */ = {isa = PBXFileReference; lastKnownFileType = folder.assetcatalog; path = Assets.xcassets; sourceTree = "<group>"; };
		DB927538254A8074002D5DC2 /* Base */ = {isa = PBXFileReference; lastKnownFileType = file.storyboard; name = Base; path = Base.lproj/LaunchScreen.storyboard; sourceTree = "<group>"; };
		DB92753A254A8074002D5DC2 /* Info.plist */ = {isa = PBXFileReference; lastKnownFileType = text.plist.xml; path = Info.plist; sourceTree = "<group>"; };
		DBC53919254AA38A00EC89FC /* RouterManager.swift */ = {isa = PBXFileReference; lastKnownFileType = sourcecode.swift; path = RouterManager.swift; sourceTree = "<group>"; };
		DBC53929254ABDB500EC89FC /* FirstVC.xib */ = {isa = PBXFileReference; lastKnownFileType = file.xib; path = FirstVC.xib; sourceTree = "<group>"; };
		DBC5392C254ABEB600EC89FC /* ThirdVC.swift */ = {isa = PBXFileReference; lastKnownFileType = sourcecode.swift; path = ThirdVC.swift; sourceTree = "<group>"; };
		DBC5392D254ABEB600EC89FC /* ThirdVC.xib */ = {isa = PBXFileReference; lastKnownFileType = file.xib; path = ThirdVC.xib; sourceTree = "<group>"; };
		DBC53935254AC3C000EC89FC /* SecondVC.xib */ = {isa = PBXFileReference; lastKnownFileType = file.xib; path = SecondVC.xib; sourceTree = "<group>"; };
		DBC5393D254BF0C600EC89FC /* FourthVC.swift */ = {isa = PBXFileReference; lastKnownFileType = sourcecode.swift; path = FourthVC.swift; sourceTree = "<group>"; };
		DBC53949254BF79F00EC89FC /* FourthVC.xib */ = {isa = PBXFileReference; lastKnownFileType = file.xib; path = FourthVC.xib; sourceTree = "<group>"; };
		DBC5394C254C01AD00EC89FC /* FifthVC.swift */ = {isa = PBXFileReference; lastKnownFileType = sourcecode.swift; path = FifthVC.swift; sourceTree = "<group>"; };
		DBC5394F254C01B700EC89FC /* FifthVC.xib */ = {isa = PBXFileReference; lastKnownFileType = file.xib; path = FifthVC.xib; sourceTree = "<group>"; };
		DBDA602E254A90070034E0C3 /* SecondVC.swift */ = {isa = PBXFileReference; lastKnownFileType = sourcecode.swift; path = SecondVC.swift; sourceTree = "<group>"; };
/* End PBXFileReference section */

/* Begin PBXFrameworksBuildPhase section */
		DB927526254A8073002D5DC2 /* Frameworks */ = {
			isa = PBXFrameworksBuildPhase;
			buildActionMask = 2147483647;
			files = (
			);
			runOnlyForDeploymentPostprocessing = 0;
		};
/* End PBXFrameworksBuildPhase section */

/* Begin PBXGroup section */
		DB927520254A8073002D5DC2 = {
			isa = PBXGroup;
			children = (
				DB92752B254A8073002D5DC2 /* VCTest2 */,
				DB92752A254A8073002D5DC2 /* Products */,
			);
			sourceTree = "<group>";
		};
		DB92752A254A8073002D5DC2 /* Products */ = {
			isa = PBXGroup;
			children = (
				DB927529254A8073002D5DC2 /* VCTest2.app */,
			);
			name = Products;
			sourceTree = "<group>";
		};
		DB92752B254A8073002D5DC2 /* VCTest2 */ = {
			isa = PBXGroup;
			children = (
				DB92752C254A8073002D5DC2 /* AppDelegate.swift */,
				DBDA6037254A911D0034E0C3 /* FirstVC */,
				DBDA6036254A90F70034E0C3 /* SecondVC */,
				DBC53931254ABEC200EC89FC /* ThirdVC */,
				DBC53943254BF10900EC89FC /* FourthVC */,
				DBC53952254C01BE00EC89FC /* FifthVC */,
				DB927535254A8074002D5DC2 /* Assets.xcassets */,
				DB927537254A8074002D5DC2 /* LaunchScreen.storyboard */,
				DB92753A254A8074002D5DC2 /* Info.plist */,
				DBC53919254AA38A00EC89FC /* RouterManager.swift */,
			);
			path = VCTest2;
			sourceTree = "<group>";
		};
		DBC53931254ABEC200EC89FC /* ThirdVC */ = {
			isa = PBXGroup;
			children = (
				DBC5392C254ABEB600EC89FC /* ThirdVC.swift */,
				DBC5392D254ABEB600EC89FC /* ThirdVC.xib */,
			);
			path = ThirdVC;
			sourceTree = "<group>";
		};
		DBC53943254BF10900EC89FC /* FourthVC */ = {
			isa = PBXGroup;
			children = (
				DBC5393D254BF0C600EC89FC /* FourthVC.swift */,
				DBC53949254BF79F00EC89FC /* FourthVC.xib */,
			);
			path = FourthVC;
			sourceTree = "<group>";
		};
		DBC53952254C01BE00EC89FC /* FifthVC */ = {
			isa = PBXGroup;
			children = (
				DBC5394C254C01AD00EC89FC /* FifthVC.swift */,
				DBC5394F254C01B700EC89FC /* FifthVC.xib */,
			);
			path = FifthVC;
			sourceTree = "<group>";
		};
		DBDA6036254A90F70034E0C3 /* SecondVC */ = {
			isa = PBXGroup;
			children = (
				DBDA602E254A90070034E0C3 /* SecondVC.swift */,
				DBC53935254AC3C000EC89FC /* SecondVC.xib */,
			);
			path = SecondVC;
			sourceTree = "<group>";
		};
		DBDA6037254A911D0034E0C3 /* FirstVC */ = {
			isa = PBXGroup;
			children = (
				DB927530254A8073002D5DC2 /* FirstVC.swift */,
				DBC53929254ABDB500EC89FC /* FirstVC.xib */,
			);
			path = FirstVC;
			sourceTree = "<group>";
		};
/* End PBXGroup section */

/* Begin PBXNativeTarget section */
		DB927528254A8073002D5DC2 /* VCTest2 */ = {
			isa = PBXNativeTarget;
			buildConfigurationList = DB92753D254A8074002D5DC2 /* Build configuration list for PBXNativeTarget "VCTest2" */;
			buildPhases = (
				DB927525254A8073002D5DC2 /* Sources */,
				DB927526254A8073002D5DC2 /* Frameworks */,
				DB927527254A8073002D5DC2 /* Resources */,
			);
			buildRules = (
			);
			dependencies = (
			);
			name = VCTest2;
			productName = VCTest2;
			productReference = DB927529254A8073002D5DC2 /* VCTest2.app */;
			productType = "com.apple.product-type.application";
		};
/* End PBXNativeTarget section */

/* Begin PBXProject section */
		DB927521254A8073002D5DC2 /* Project object */ = {
			isa = PBXProject;
			attributes = {
				LastSwiftUpdateCheck = 1210;
				LastUpgradeCheck = 1210;
				TargetAttributes = {
					DB927528254A8073002D5DC2 = {
						CreatedOnToolsVersion = 12.1;
					};
				};
			};
			buildConfigurationList = DB927524254A8073002D5DC2 /* Build configuration list for PBXProject "VCTest2" */;
			compatibilityVersion = "Xcode 9.3";
			developmentRegion = en;
			hasScannedForEncodings = 0;
			knownRegions = (
				en,
				Base,
			);
			mainGroup = DB927520254A8073002D5DC2;
			productRefGroup = DB92752A254A8073002D5DC2 /* Products */;
			projectDirPath = "";
			projectRoot = "";
			targets = (
				DB927528254A8073002D5DC2 /* VCTest2 */,
			);
		};
/* End PBXProject section */

/* Begin PBXResourcesBuildPhase section */
		DB927527254A8073002D5DC2 /* Resources */ = {
			isa = PBXResourcesBuildPhase;
			buildActionMask = 2147483647;
			files = (
				DBC5394A254BF79F00EC89FC /* FourthVC.xib in Resources */,
				DBC53936254AC3C000EC89FC /* SecondVC.xib in Resources */,
				DBC5392F254ABEB600EC89FC /* ThirdVC.xib in Resources */,
				DBC53950254C01B800EC89FC /* FifthVC.xib in Resources */,
				DB927539254A8074002D5DC2 /* LaunchScreen.storyboard in Resources */,
				DB927536254A8074002D5DC2 /* Assets.xcassets in Resources */,
				DBC5392A254ABDB500EC89FC /* FirstVC.xib in Resources */,
			);
			runOnlyForDeploymentPostprocessing = 0;
		};
/* End PBXResourcesBuildPhase section */

/* Begin PBXSourcesBuildPhase section */
		DB927525254A8073002D5DC2 /* Sources */ = {
			isa = PBXSourcesBuildPhase;
			buildActionMask = 2147483647;
			files = (
				DB927531254A8073002D5DC2 /* FirstVC.swift in Sources */,
				DBC5392E254ABEB600EC89FC /* ThirdVC.swift in Sources */,
				DBC5394D254C01AD00EC89FC /* FifthVC.swift in Sources */,
				DB92752D254A8073002D5DC2 /* AppDelegate.swift in Sources */,
				DBC5391A254AA38A00EC89FC /* RouterManager.swift in Sources */,
				DBDA602F254A90070034E0C3 /* SecondVC.swift in Sources */,
				DBC5393E254BF0C600EC89FC /* FourthVC.swift in Sources */,
			);
			runOnlyForDeploymentPostprocessing = 0;
		};
/* End PBXSourcesBuildPhase section */

/* Begin PBXVariantGroup section */
		DB927537254A8074002D5DC2 /* LaunchScreen.storyboard */ = {
			isa = PBXVariantGroup;
			children = (
				DB927538254A8074002D5DC2 /* Base */,
			);
			name = LaunchScreen.storyboard;
			sourceTree = "<group>";
		};
/* End PBXVariantGroup section */

/* Begin XCBuildConfiguration section */
		DB92753B254A8074002D5DC2 /* Debug */ = {
			isa = XCBuildConfiguration;
			buildSettings = {
				ALWAYS_SEARCH_USER_PATHS = NO;
				CLANG_ANALYZER_NONNULL = YES;
				CLANG_ANALYZER_NUMBER_OBJECT_CONVERSION = YES_AGGRESSIVE;
				CLANG_CXX_LANGUAGE_STANDARD = "gnu++14";
				CLANG_CXX_LIBRARY = "libc++";
				CLANG_ENABLE_MODULES = YES;
				CLANG_ENABLE_OBJC_ARC = YES;
				CLANG_ENABLE_OBJC_WEAK = YES;
				CLANG_WARN_BLOCK_CAPTURE_AUTORELEASING = YES;
				CLANG_WARN_BOOL_CONVERSION = YES;
				CLANG_WARN_COMMA = YES;
				CLANG_WARN_CONSTANT_CONVERSION = YES;
				CLANG_WARN_DEPRECATED_OBJC_IMPLEMENTATIONS = YES;
				CLANG_WARN_DIRECT_OBJC_ISA_USAGE = YES_ERROR;
				CLANG_WARN_DOCUMENTATION_COMMENTS = YES;
				CLANG_WARN_EMPTY_BODY = YES;
				CLANG_WARN_ENUM_CONVERSION = YES;
				CLANG_WARN_INFINITE_RECURSION = YES;
				CLANG_WARN_INT_CONVERSION = YES;
				CLANG_WARN_NON_LITERAL_NULL_CONVERSION = YES;
				CLANG_WARN_OBJC_IMPLICIT_RETAIN_SELF = YES;
				CLANG_WARN_OBJC_LITERAL_CONVERSION = YES;
				CLANG_WARN_OBJC_ROOT_CLASS = YES_ERROR;
				CLANG_WARN_QUOTED_INCLUDE_IN_FRAMEWORK_HEADER = YES;
				CLANG_WARN_RANGE_LOOP_ANALYSIS = YES;
				CLANG_WARN_STRICT_PROTOTYPES = YES;
				CLANG_WARN_SUSPICIOUS_MOVE = YES;
				CLANG_WARN_UNGUARDED_AVAILABILITY = YES_AGGRESSIVE;
				CLANG_WARN_UNREACHABLE_CODE = YES;
				CLANG_WARN__DUPLICATE_METHOD_MATCH = YES;
				COPY_PHASE_STRIP = NO;
				DEBUG_INFORMATION_FORMAT = dwarf;
				ENABLE_STRICT_OBJC_MSGSEND = YES;
				ENABLE_TESTABILITY = YES;
				GCC_C_LANGUAGE_STANDARD = gnu11;
				GCC_DYNAMIC_NO_PIC = NO;
				GCC_NO_COMMON_BLOCKS = YES;
				GCC_OPTIMIZATION_LEVEL = 0;
				GCC_PREPROCESSOR_DEFINITIONS = (
					"DEBUG=1",
					"$(inherited)",
				);
				GCC_WARN_64_TO_32_BIT_CONVERSION = YES;
				GCC_WARN_ABOUT_RETURN_TYPE = YES_ERROR;
				GCC_WARN_UNDECLARED_SELECTOR = YES;
				GCC_WARN_UNINITIALIZED_AUTOS = YES_AGGRESSIVE;
				GCC_WARN_UNUSED_FUNCTION = YES;
				GCC_WARN_UNUSED_VARIABLE = YES;
				IPHONEOS_DEPLOYMENT_TARGET = 14.1;
				MTL_ENABLE_DEBUG_INFO = INCLUDE_SOURCE;
				MTL_FAST_MATH = YES;
				ONLY_ACTIVE_ARCH = YES;
				SDKROOT = iphoneos;
				SWIFT_ACTIVE_COMPILATION_CONDITIONS = DEBUG;
				SWIFT_OPTIMIZATION_LEVEL = "-Onone";
			};
			name = Debug;
		};
		DB92753C254A8074002D5DC2 /* Release */ = {
			isa = XCBuildConfiguration;
			buildSettings = {
				ALWAYS_SEARCH_USER_PATHS = NO;
				CLANG_ANALYZER_NONNULL = YES;
				CLANG_ANALYZER_NUMBER_OBJECT_CONVERSION = YES_AGGRESSIVE;
				CLANG_CXX_LANGUAGE_STANDARD = "gnu++14";
				CLANG_CXX_LIBRARY = "libc++";
				CLANG_ENABLE_MODULES = YES;
				CLANG_ENABLE_OBJC_ARC = YES;
				CLANG_ENABLE_OBJC_WEAK = YES;
				CLANG_WARN_BLOCK_CAPTURE_AUTORELEASING = YES;
				CLANG_WARN_BOOL_CONVERSION = YES;
				CLANG_WARN_COMMA = YES;
				CLANG_WARN_CONSTANT_CONVERSION = YES;
				CLANG_WARN_DEPRECATED_OBJC_IMPLEMENTATIONS = YES;
				CLANG_WARN_DIRECT_OBJC_ISA_USAGE = YES_ERROR;
				CLANG_WARN_DOCUMENTATION_COMMENTS = YES;
				CLANG_WARN_EMPTY_BODY = YES;
				CLANG_WARN_ENUM_CONVERSION = YES;
				CLANG_WARN_INFINITE_RECURSION = YES;
				CLANG_WARN_INT_CONVERSION = YES;
				CLANG_WARN_NON_LITERAL_NULL_CONVERSION = YES;
				CLANG_WARN_OBJC_IMPLICIT_RETAIN_SELF = YES;
				CLANG_WARN_OBJC_LITERAL_CONVERSION = YES;
				CLANG_WARN_OBJC_ROOT_CLASS = YES_ERROR;
				CLANG_WARN_QUOTED_INCLUDE_IN_FRAMEWORK_HEADER = YES;
				CLANG_WARN_RANGE_LOOP_ANALYSIS = YES;
				CLANG_WARN_STRICT_PROTOTYPES = YES;
				CLANG_WARN_SUSPICIOUS_MOVE = YES;
				CLANG_WARN_UNGUARDED_AVAILABILITY = YES_AGGRESSIVE;
				CLANG_WARN_UNREACHABLE_CODE = YES;
				CLANG_WARN__DUPLICATE_METHOD_MATCH = YES;
				COPY_PHASE_STRIP = NO;
				DEBUG_INFORMATION_FORMAT = "dwarf-with-dsym";
				ENABLE_NS_ASSERTIONS = NO;
				ENABLE_STRICT_OBJC_MSGSEND = YES;
				GCC_C_LANGUAGE_STANDARD = gnu11;
				GCC_NO_COMMON_BLOCKS = YES;
				GCC_WARN_64_TO_32_BIT_CONVERSION = YES;
				GCC_WARN_ABOUT_RETURN_TYPE = YES_ERROR;
				GCC_WARN_UNDECLARED_SELECTOR = YES;
				GCC_WARN_UNINITIALIZED_AUTOS = YES_AGGRESSIVE;
				GCC_WARN_UNUSED_FUNCTION = YES;
				GCC_WARN_UNUSED_VARIABLE = YES;
				IPHONEOS_DEPLOYMENT_TARGET = 14.1;
				MTL_ENABLE_DEBUG_INFO = NO;
				MTL_FAST_MATH = YES;
				SDKROOT = iphoneos;
				SWIFT_COMPILATION_MODE = wholemodule;
				SWIFT_OPTIMIZATION_LEVEL = "-O";
				VALIDATE_PRODUCT = YES;
			};
			name = Release;
		};
		DB92753E254A8074002D5DC2 /* Debug */ = {
			isa = XCBuildConfiguration;
			buildSettings = {
				ASSETCATALOG_COMPILER_APPICON_NAME = AppIcon;
				ASSETCATALOG_COMPILER_GLOBAL_ACCENT_COLOR_NAME = AccentColor;
				CODE_SIGN_STYLE = Automatic;
				INFOPLIST_FILE = VCTest2/Info.plist;
				LD_RUNPATH_SEARCH_PATHS = (
					"$(inherited)",
					"@executable_path/Frameworks",
				);
				PRODUCT_BUNDLE_IDENTIFIER = com.levi.VCTest2;
				PRODUCT_NAME = "$(TARGET_NAME)";
				SWIFT_VERSION = 5.0;
				TARGETED_DEVICE_FAMILY = "1,2";
			};
			name = Debug;
		};
		DB92753F254A8074002D5DC2 /* Release */ = {
			isa = XCBuildConfiguration;
			buildSettings = {
				ASSETCATALOG_COMPILER_APPICON_NAME = AppIcon;
				ASSETCATALOG_COMPILER_GLOBAL_ACCENT_COLOR_NAME = AccentColor;
				CODE_SIGN_STYLE = Automatic;
				INFOPLIST_FILE = VCTest2/Info.plist;
				LD_RUNPATH_SEARCH_PATHS = (
					"$(inherited)",
					"@executable_path/Frameworks",
				);
				PRODUCT_BUNDLE_IDENTIFIER = com.levi.VCTest2;
				PRODUCT_NAME = "$(TARGET_NAME)";
				SWIFT_VERSION = 5.0;
				TARGETED_DEVICE_FAMILY = "1,2";
			};
			name = Release;
		};
/* End XCBuildConfiguration section */

/* Begin XCConfigurationList section */
		DB927524254A8073002D5DC2 /* Build configuration list for PBXProject "VCTest2" */ = {
			isa = XCConfigurationList;
			buildConfigurations = (
				DB92753B254A8074002D5DC2 /* Debug */,
				DB92753C254A8074002D5DC2 /* Release */,
			);
			defaultConfigurationIsVisible = 0;
			defaultConfigurationName = Release;
		};
		DB92753D254A8074002D5DC2 /* Build configuration list for PBXNativeTarget "VCTest2" */ = {
			isa = XCConfigurationList;
			buildConfigurations = (
				DB92753E254A8074002D5DC2 /* Debug */,
				DB92753F254A8074002D5DC2 /* Release */,
			);
			defaultConfigurationIsVisible = 0;
			defaultConfigurationName = Release;
		};
/* End XCConfigurationList section */
	};
	rootObject = DB927521254A8073002D5DC2 /* Project object */;
}
