// !$*UTF8*$!
{
	archiveVersion = 1;
	classes = {
	};
	objectVersion = 51;
	objects = {

/* Begin PBXBuildFile section */
		CF82AAFB1755DD031724F506 /* Pods_Network2.framework in Frameworks */ = {isa = PBXBuildFile; fileRef = AE2FC2E6A03BF8F0B27C72D8 /* Pods_Network2.framework */; };
		DB572AB1254926A60030FDE8 /* AppDelegate.swift in Sources */ = {isa = PBXBuildFile; fileRef = DB572AB0254926A60030FDE8 /* AppDelegate.swift */; };
		DB572AB3254926A60030FDE8 /* SceneDelegate.swift in Sources */ = {isa = PBXBuildFile; fileRef = DB572AB2254926A60030FDE8 /* SceneDelegate.swift */; };
		DB572AB5254926A60030FDE8 /* ViewController.swift in Sources */ = {isa = PBXBuildFile; fileRef = DB572AB4254926A60030FDE8 /* ViewController.swift */; };
		DB572AB8254926A60030FDE8 /* Main.storyboard in Resources */ = {isa = PBXBuildFile; fileRef = DB572AB6254926A60030FDE8 /* Main.storyboard */; };
		DB572ABA254926A80030FDE8 /* Assets.xcassets in Resources */ = {isa = PBXBuildFile; fileRef = DB572AB9254926A80030FDE8 /* Assets.xcassets */; };
		DB572ABD254926A80030FDE8 /* LaunchScreen.storyboard in Resources */ = {isa = PBXBuildFile; fileRef = DB572ABB254926A80030FDE8 /* LaunchScreen.storyboard */; };
		DBA2D9A9254931320063310A /* FirstVC.swift in Sources */ = {isa = PBXBuildFile; fileRef = DBA2D9A8254931320063310A /* FirstVC.swift */; };
		DBA2D9AE2549314A0063310A /* SecondVC.swift in Sources */ = {isa = PBXBuildFile; fileRef = DBA2D9AD2549314A0063310A /* SecondVC.swift */; };
		DBA2D9B2254931650063310A /* FirstVC.storyboard in Resources */ = {isa = PBXBuildFile; fileRef = DBA2D9B1254931650063310A /* FirstVC.storyboard */; };
		DBA2D9B52549316F0063310A /* SecondVC.storyboard in Resources */ = {isa = PBXBuildFile; fileRef = DBA2D9B42549316F0063310A /* SecondVC.storyboard */; };
/* End PBXBuildFile section */

/* Begin PBXFileReference section */
		46836C6307674A2EE3348F5D /* Pods-Network2.debug.xcconfig */ = {isa = PBXFileReference; includeInIndex = 1; lastKnownFileType = text.xcconfig; name = "Pods-Network2.debug.xcconfig"; path = "Target Support Files/Pods-Network2/Pods-Network2.debug.xcconfig"; sourceTree = "<group>"; };
		A0B3736D57253B34AE1BAEEC /* Pods-Network2.release.xcconfig */ = {isa = PBXFileReference; includeInIndex = 1; lastKnownFileType = text.xcconfig; name = "Pods-Network2.release.xcconfig"; path = "Target Support Files/Pods-Network2/Pods-Network2.release.xcconfig"; sourceTree = "<group>"; };
		AE2FC2E6A03BF8F0B27C72D8 /* Pods_Network2.framework */ = {isa = PBXFileReference; explicitFileType = wrapper.framework; includeInIndex = 0; path = Pods_Network2.framework; sourceTree = BUILT_PRODUCTS_DIR; };
		DB572AAD254926A60030FDE8 /* Network2.app */ = {isa = PBXFileReference; explicitFileType = wrapper.application; includeInIndex = 0; path = Network2.app; sourceTree = BUILT_PRODUCTS_DIR; };
		DB572AB0254926A60030FDE8 /* AppDelegate.swift */ = {isa = PBXFileReference; lastKnownFileType = sourcecode.swift; path = AppDelegate.swift; sourceTree = "<group>"; };
		DB572AB2254926A60030FDE8 /* SceneDelegate.swift */ = {isa = PBXFileReference; lastKnownFileType = sourcecode.swift; path = SceneDelegate.swift; sourceTree = "<group>"; };
		DB572AB4254926A60030FDE8 /* ViewController.swift */ = {isa = PBXFileReference; lastKnownFileType = sourcecode.swift; path = ViewController.swift; sourceTree = "<group>"; };
		DB572AB7254926A60030FDE8 /* Base */ = {isa = PBXFileReference; lastKnownFileType = file.storyboard; name = Base; path = Base.lproj/Main.storyboard; sourceTree = "<group>"; };
		DB572AB9254926A80030FDE8 /* Assets.xcassets */ = {isa = PBXFileReference; lastKnownFileType = folder.assetcatalog; path = Assets.xcassets; sourceTree = "<group>"; };
		DB572ABC254926A80030FDE8 /* Base */ = {isa = PBXFileReference; lastKnownFileType = file.storyboard; name = Base; path = Base.lproj/LaunchScreen.storyboard; sourceTree = "<group>"; };
		DB572ABE254926A80030FDE8 /* Info.plist */ = {isa = PBXFileReference; lastKnownFileType = text.plist.xml; path = Info.plist; sourceTree = "<group>"; };
		DBA2D9A8254931320063310A /* FirstVC.swift */ = {isa = PBXFileReference; lastKnownFileType = sourcecode.swift; path = FirstVC.swift; sourceTree = "<group>"; };
		DBA2D9AD2549314A0063310A /* SecondVC.swift */ = {isa = PBXFileReference; lastKnownFileType = sourcecode.swift; path = SecondVC.swift; sourceTree = "<group>"; };
		DBA2D9B1254931650063310A /* FirstVC.storyboard */ = {isa = PBXFileReference; lastKnownFileType = file.storyboard; path = FirstVC.storyboard; sourceTree = "<group>"; };
		DBA2D9B42549316F0063310A /* SecondVC.storyboard */ = {isa = PBXFileReference; lastKnownFileType = file.storyboard; path = SecondVC.storyboard; sourceTree = "<group>"; };
/* End PBXFileReference section */

/* Begin PBXFrameworksBuildPhase section */
		DB572AAA254926A60030FDE8 /* Frameworks */ = {
			isa = PBXFrameworksBuildPhase;
			buildActionMask = 2147483647;
			files = (
				CF82AAFB1755DD031724F506 /* Pods_Network2.framework in Frameworks */,
			);
			runOnlyForDeploymentPostprocessing = 0;
		};
/* End PBXFrameworksBuildPhase section */

/* Begin PBXGroup section */
		B7CB5100AF47DBA9B63ACD97 /* Pods */ = {
			isa = PBXGroup;
			children = (
				46836C6307674A2EE3348F5D /* Pods-Network2.debug.xcconfig */,
				A0B3736D57253B34AE1BAEEC /* Pods-Network2.release.xcconfig */,
			);
			path = Pods;
			sourceTree = "<group>";
		};
		CBC7B449E561E3912A157553 /* Frameworks */ = {
			isa = PBXGroup;
			children = (
				AE2FC2E6A03BF8F0B27C72D8 /* Pods_Network2.framework */,
			);
			name = Frameworks;
			sourceTree = "<group>";
		};
		DB572AA4254926A50030FDE8 = {
			isa = PBXGroup;
			children = (
				DB572AAF254926A60030FDE8 /* Network2 */,
				DB572AAE254926A60030FDE8 /* Products */,
				B7CB5100AF47DBA9B63ACD97 /* Pods */,
				CBC7B449E561E3912A157553 /* Frameworks */,
			);
			sourceTree = "<group>";
		};
		DB572AAE254926A60030FDE8 /* Products */ = {
			isa = PBXGroup;
			children = (
				DB572AAD254926A60030FDE8 /* Network2.app */,
			);
			name = Products;
			sourceTree = "<group>";
		};
		DB572AAF254926A60030FDE8 /* Network2 */ = {
			isa = PBXGroup;
			children = (
				DBA2D9A72549311F0063310A /* Second */,
				DBA2D9A62549311A0063310A /* First */,
				DB572AB0254926A60030FDE8 /* AppDelegate.swift */,
				DB572AB2254926A60030FDE8 /* SceneDelegate.swift */,
				DB572AB4254926A60030FDE8 /* ViewController.swift */,
				DB572AB6254926A60030FDE8 /* Main.storyboard */,
				DB572AB9254926A80030FDE8 /* Assets.xcassets */,
				DB572ABB254926A80030FDE8 /* LaunchScreen.storyboard */,
				DB572ABE254926A80030FDE8 /* Info.plist */,
			);
			path = Network2;
			sourceTree = "<group>";
		};
		DBA2D9A62549311A0063310A /* First */ = {
			isa = PBXGroup;
			children = (
				DBA2D9A8254931320063310A /* FirstVC.swift */,
				DBA2D9B1254931650063310A /* FirstVC.storyboard */,
			);
			path = First;
			sourceTree = "<group>";
		};
		DBA2D9A72549311F0063310A /* Second */ = {
			isa = PBXGroup;
			children = (
				DBA2D9AD2549314A0063310A /* SecondVC.swift */,
				DBA2D9B42549316F0063310A /* SecondVC.storyboard */,
			);
			path = Second;
			sourceTree = "<group>";
		};
/* End PBXGroup section */

/* Begin PBXNativeTarget section */
		DB572AAC254926A60030FDE8 /* Network2 */ = {
			isa = PBXNativeTarget;
			buildConfigurationList = DB572AC1254926A80030FDE8 /* Build configuration list for PBXNativeTarget "Network2" */;
			buildPhases = (
				DEEE9EC83ADE7868C5640502 /* [CP] Check Pods Manifest.lock */,
				DB572AA9254926A60030FDE8 /* Sources */,
				DB572AAA254926A60030FDE8 /* Frameworks */,
				DB572AAB254926A60030FDE8 /* Resources */,
				7FDA429966A4D233B0CCA60F /* [CP] Embed Pods Frameworks */,
			);
			buildRules = (
			);
			dependencies = (
			);
			name = Network2;
			productName = Network2;
			productReference = DB572AAD254926A60030FDE8 /* Network2.app */;
			productType = "com.apple.product-type.application";
		};
/* End PBXNativeTarget section */

/* Begin PBXProject section */
		DB572AA5254926A50030FDE8 /* Project object */ = {
			isa = PBXProject;
			attributes = {
				LastSwiftUpdateCheck = 1210;
				LastUpgradeCheck = 1210;
				TargetAttributes = {
					DB572AAC254926A60030FDE8 = {
						CreatedOnToolsVersion = 12.1;
					};
				};
			};
			buildConfigurationList = DB572AA8254926A50030FDE8 /* Build configuration list for PBXProject "Network2" */;
			compatibilityVersion = "Xcode 9.3";
			developmentRegion = en;
			hasScannedForEncodings = 0;
			knownRegions = (
				en,
				Base,
			);
			mainGroup = DB572AA4254926A50030FDE8;
			productRefGroup = DB572AAE254926A60030FDE8 /* Products */;
			projectDirPath = "";
			projectRoot = "";
			targets = (
				DB572AAC254926A60030FDE8 /* Network2 */,
			);
		};
/* End PBXProject section */

/* Begin PBXResourcesBuildPhase section */
		DB572AAB254926A60030FDE8 /* Resources */ = {
			isa = PBXResourcesBuildPhase;
			buildActionMask = 2147483647;
			files = (
				DB572ABD254926A80030FDE8 /* LaunchScreen.storyboard in Resources */,
				DBA2D9B52549316F0063310A /* SecondVC.storyboard in Resources */,
				DB572ABA254926A80030FDE8 /* Assets.xcassets in Resources */,
				DBA2D9B2254931650063310A /* FirstVC.storyboard in Resources */,
				DB572AB8254926A60030FDE8 /* Main.storyboard in Resources */,
			);
			runOnlyForDeploymentPostprocessing = 0;
		};
/* End PBXResourcesBuildPhase section */

/* Begin PBXShellScriptBuildPhase section */
		7FDA429966A4D233B0CCA60F /* [CP] Embed Pods Frameworks */ = {
			isa = PBXShellScriptBuildPhase;
			buildActionMask = 2147483647;
			files = (
			);
			inputFileListPaths = (
				"${PODS_ROOT}/Target Support Files/Pods-Network2/Pods-Network2-frameworks-${CONFIGURATION}-input-files.xcfilelist",
			);
			name = "[CP] Embed Pods Frameworks";
			outputFileListPaths = (
				"${PODS_ROOT}/Target Support Files/Pods-Network2/Pods-Network2-frameworks-${CONFIGURATION}-output-files.xcfilelist",
			);
			runOnlyForDeploymentPostprocessing = 0;
			shellPath = /bin/sh;
			shellScript = "\"${PODS_ROOT}/Target Support Files/Pods-Network2/Pods-Network2-frameworks.sh\"\n";
			showEnvVarsInLog = 0;
		};
		DEEE9EC83ADE7868C5640502 /* [CP] Check Pods Manifest.lock */ = {
			isa = PBXShellScriptBuildPhase;
			buildActionMask = 2147483647;
			files = (
			);
			inputFileListPaths = (
			);
			inputPaths = (
				"${PODS_PODFILE_DIR_PATH}/Podfile.lock",
				"${PODS_ROOT}/Manifest.lock",
			);
			name = "[CP] Check Pods Manifest.lock";
			outputFileListPaths = (
			);
			outputPaths = (
				"$(DERIVED_FILE_DIR)/Pods-Network2-checkManifestLockResult.txt",
			);
			runOnlyForDeploymentPostprocessing = 0;
			shellPath = /bin/sh;
			shellScript = "diff \"${PODS_PODFILE_DIR_PATH}/Podfile.lock\" \"${PODS_ROOT}/Manifest.lock\" > /dev/null\nif [ $? != 0 ] ; then\n    # print error to STDERR\n    echo \"error: The sandbox is not in sync with the Podfile.lock. Run 'pod install' or update your CocoaPods installation.\" >&2\n    exit 1\nfi\n# This output is used by Xcode 'outputs' to avoid re-running this script phase.\necho \"SUCCESS\" > \"${SCRIPT_OUTPUT_FILE_0}\"\n";
			showEnvVarsInLog = 0;
		};
/* End PBXShellScriptBuildPhase section */

/* Begin PBXSourcesBuildPhase section */
		DB572AA9254926A60030FDE8 /* Sources */ = {
			isa = PBXSourcesBuildPhase;
			buildActionMask = 2147483647;
			files = (
				DB572AB5254926A60030FDE8 /* ViewController.swift in Sources */,
				DBA2D9AE2549314A0063310A /* SecondVC.swift in Sources */,
				DBA2D9A9254931320063310A /* FirstVC.swift in Sources */,
				DB572AB1254926A60030FDE8 /* AppDelegate.swift in Sources */,
				DB572AB3254926A60030FDE8 /* SceneDelegate.swift in Sources */,
			);
			runOnlyForDeploymentPostprocessing = 0;
		};
/* End PBXSourcesBuildPhase section */

/* Begin PBXVariantGroup section */
		DB572AB6254926A60030FDE8 /* Main.storyboard */ = {
			isa = PBXVariantGroup;
			children = (
				DB572AB7254926A60030FDE8 /* Base */,
			);
			name = Main.storyboard;
			sourceTree = "<group>";
		};
		DB572ABB254926A80030FDE8 /* LaunchScreen.storyboard */ = {
			isa = PBXVariantGroup;
			children = (
				DB572ABC254926A80030FDE8 /* Base */,
			);
			name = LaunchScreen.storyboard;
			sourceTree = "<group>";
		};
/* End PBXVariantGroup section */

/* Begin XCBuildConfiguration section */
		DB572ABF254926A80030FDE8 /* Debug */ = {
			isa = XCBuildConfiguration;
			buildSettings = {
				ALWAYS_SEARCH_USER_PATHS = NO;
				CLANG_ANALYZER_NONNULL = YES;
				CLANG_ANALYZER_NUMBER_OBJECT_CONVERSION = YES_AGGRESSIVE;
				CLANG_CXX_LANGUAGE_STANDARD = "gnu++14";
				CLANG_CXX_LIBRARY = "libc++";
				CLANG_ENABLE_MODULES = YES;
				CLANG_ENABLE_OBJC_ARC = YES;
				CLANG_ENABLE_OBJC_WEAK = YES;
				CLANG_WARN_BLOCK_CAPTURE_AUTORELEASING = YES;
				CLANG_WARN_BOOL_CONVERSION = YES;
				CLANG_WARN_COMMA = YES;
				CLANG_WARN_CONSTANT_CONVERSION = YES;
				CLANG_WARN_DEPRECATED_OBJC_IMPLEMENTATIONS = YES;
				CLANG_WARN_DIRECT_OBJC_ISA_USAGE = YES_ERROR;
				CLANG_WARN_DOCUMENTATION_COMMENTS = YES;
				CLANG_WARN_EMPTY_BODY = YES;
				CLANG_WARN_ENUM_CONVERSION = YES;
				CLANG_WARN_INFINITE_RECURSION = YES;
				CLANG_WARN_INT_CONVERSION = YES;
				CLANG_WARN_NON_LITERAL_NULL_CONVERSION = YES;
				CLANG_WARN_OBJC_IMPLICIT_RETAIN_SELF = YES;
				CLANG_WARN_OBJC_LITERAL_CONVERSION = YES;
				CLANG_WARN_OBJC_ROOT_CLASS = YES_ERROR;
				CLANG_WARN_QUOTED_INCLUDE_IN_FRAMEWORK_HEADER = YES;
				CLANG_WARN_RANGE_LOOP_ANALYSIS = YES;
				CLANG_WARN_STRICT_PROTOTYPES = YES;
				CLANG_WARN_SUSPICIOUS_MOVE = YES;
				CLANG_WARN_UNGUARDED_AVAILABILITY = YES_AGGRESSIVE;
				CLANG_WARN_UNREACHABLE_CODE = YES;
				CLANG_WARN__DUPLICATE_METHOD_MATCH = YES;
				COPY_PHASE_STRIP = NO;
				DEBUG_INFORMATION_FORMAT = dwarf;
				ENABLE_STRICT_OBJC_MSGSEND = YES;
				ENABLE_TESTABILITY = YES;
				GCC_C_LANGUAGE_STANDARD = gnu11;
				GCC_DYNAMIC_NO_PIC = NO;
				GCC_NO_COMMON_BLOCKS = YES;
				GCC_OPTIMIZATION_LEVEL = 0;
				GCC_PREPROCESSOR_DEFINITIONS = (
					"DEBUG=1",
					"$(inherited)",
				);
				GCC_WARN_64_TO_32_BIT_CONVERSION = YES;
				GCC_WARN_ABOUT_RETURN_TYPE = YES_ERROR;
				GCC_WARN_UNDECLARED_SELECTOR = YES;
				GCC_WARN_UNINITIALIZED_AUTOS = YES_AGGRESSIVE;
				GCC_WARN_UNUSED_FUNCTION = YES;
				GCC_WARN_UNUSED_VARIABLE = YES;
				IPHONEOS_DEPLOYMENT_TARGET = 14.1;
				MTL_ENABLE_DEBUG_INFO = INCLUDE_SOURCE;
				MTL_FAST_MATH = YES;
				ONLY_ACTIVE_ARCH = YES;
				SDKROOT = iphoneos;
				SWIFT_ACTIVE_COMPILATION_CONDITIONS = DEBUG;
				SWIFT_OPTIMIZATION_LEVEL = "-Onone";
			};
			name = Debug;
		};
		DB572AC0254926A80030FDE8 /* Release */ = {
			isa = XCBuildConfiguration;
			buildSettings = {
				ALWAYS_SEARCH_USER_PATHS = NO;
				CLANG_ANALYZER_NONNULL = YES;
				CLANG_ANALYZER_NUMBER_OBJECT_CONVERSION = YES_AGGRESSIVE;
				CLANG_CXX_LANGUAGE_STANDARD = "gnu++14";
				CLANG_CXX_LIBRARY = "libc++";
				CLANG_ENABLE_MODULES = YES;
				CLANG_ENABLE_OBJC_ARC = YES;
				CLANG_ENABLE_OBJC_WEAK = YES;
				CLANG_WARN_BLOCK_CAPTURE_AUTORELEASING = YES;
				CLANG_WARN_BOOL_CONVERSION = YES;
				CLANG_WARN_COMMA = YES;
				CLANG_WARN_CONSTANT_CONVERSION = YES;
				CLANG_WARN_DEPRECATED_OBJC_IMPLEMENTATIONS = YES;
				CLANG_WARN_DIRECT_OBJC_ISA_USAGE = YES_ERROR;
				CLANG_WARN_DOCUMENTATION_COMMENTS = YES;
				CLANG_WARN_EMPTY_BODY = YES;
				CLANG_WARN_ENUM_CONVERSION = YES;
				CLANG_WARN_INFINITE_RECURSION = YES;
				CLANG_WARN_INT_CONVERSION = YES;
				CLANG_WARN_NON_LITERAL_NULL_CONVERSION = YES;
				CLANG_WARN_OBJC_IMPLICIT_RETAIN_SELF = YES;
				CLANG_WARN_OBJC_LITERAL_CONVERSION = YES;
				CLANG_WARN_OBJC_ROOT_CLASS = YES_ERROR;
				CLANG_WARN_QUOTED_INCLUDE_IN_FRAMEWORK_HEADER = YES;
				CLANG_WARN_RANGE_LOOP_ANALYSIS = YES;
				CLANG_WARN_STRICT_PROTOTYPES = YES;
				CLANG_WARN_SUSPICIOUS_MOVE = YES;
				CLANG_WARN_UNGUARDED_AVAILABILITY = YES_AGGRESSIVE;
				CLANG_WARN_UNREACHABLE_CODE = YES;
				CLANG_WARN__DUPLICATE_METHOD_MATCH = YES;
				COPY_PHASE_STRIP = NO;
				DEBUG_INFORMATION_FORMAT = "dwarf-with-dsym";
				ENABLE_NS_ASSERTIONS = NO;
				ENABLE_STRICT_OBJC_MSGSEND = YES;
				GCC_C_LANGUAGE_STANDARD = gnu11;
				GCC_NO_COMMON_BLOCKS = YES;
				GCC_WARN_64_TO_32_BIT_CONVERSION = YES;
				GCC_WARN_ABOUT_RETURN_TYPE = YES_ERROR;
				GCC_WARN_UNDECLARED_SELECTOR = YES;
				GCC_WARN_UNINITIALIZED_AUTOS = YES_AGGRESSIVE;
				GCC_WARN_UNUSED_FUNCTION = YES;
				GCC_WARN_UNUSED_VARIABLE = YES;
				IPHONEOS_DEPLOYMENT_TARGET = 14.1;
				MTL_ENABLE_DEBUG_INFO = NO;
				MTL_FAST_MATH = YES;
				SDKROOT = iphoneos;
				SWIFT_COMPILATION_MODE = wholemodule;
				SWIFT_OPTIMIZATION_LEVEL = "-O";
				VALIDATE_PRODUCT = YES;
			};
			name = Release;
		};
		DB572AC2254926A80030FDE8 /* Debug */ = {
			isa = XCBuildConfiguration;
			baseConfigurationReference = 46836C6307674A2EE3348F5D /* Pods-Network2.debug.xcconfig */;
			buildSettings = {
				ASSETCATALOG_COMPILER_APPICON_NAME = AppIcon;
				ASSETCATALOG_COMPILER_GLOBAL_ACCENT_COLOR_NAME = AccentColor;
				CODE_SIGN_STYLE = Automatic;
				DEVELOPMENT_TEAM = WLV39A6SFU;
				INFOPLIST_FILE = Network2/Info.plist;
				LD_RUNPATH_SEARCH_PATHS = (
					"$(inherited)",
					"@executable_path/Frameworks",
				);
				PRODUCT_BUNDLE_IDENTIFIER = com.levi.Network2;
				PRODUCT_NAME = "$(TARGET_NAME)";
				SWIFT_VERSION = 5.0;
				TARGETED_DEVICE_FAMILY = "1,2";
			};
			name = Debug;
		};
		DB572AC3254926A80030FDE8 /* Release */ = {
			isa = XCBuildConfiguration;
			baseConfigurationReference = A0B3736D57253B34AE1BAEEC /* Pods-Network2.release.xcconfig */;
			buildSettings = {
				ASSETCATALOG_COMPILER_APPICON_NAME = AppIcon;
				ASSETCATALOG_COMPILER_GLOBAL_ACCENT_COLOR_NAME = AccentColor;
				CODE_SIGN_STYLE = Automatic;
				DEVELOPMENT_TEAM = WLV39A6SFU;
				INFOPLIST_FILE = Network2/Info.plist;
				LD_RUNPATH_SEARCH_PATHS = (
					"$(inherited)",
					"@executable_path/Frameworks",
				);
				PRODUCT_BUNDLE_IDENTIFIER = com.levi.Network2;
				PRODUCT_NAME = "$(TARGET_NAME)";
				SWIFT_VERSION = 5.0;
				TARGETED_DEVICE_FAMILY = "1,2";
			};
			name = Release;
		};
/* End XCBuildConfiguration section */

/* Begin XCConfigurationList section */
		DB572AA8254926A50030FDE8 /* Build configuration list for PBXProject "Network2" */ = {
			isa = XCConfigurationList;
			buildConfigurations = (
				DB572ABF254926A80030FDE8 /* Debug */,
				DB572AC0254926A80030FDE8 /* Release */,
			);
			defaultConfigurationIsVisible = 0;
			defaultConfigurationName = Release;
		};
		DB572AC1254926A80030FDE8 /* Build configuration list for PBXNativeTarget "Network2" */ = {
			isa = XCConfigurationList;
			buildConfigurations = (
				DB572AC2254926A80030FDE8 /* Debug */,
				DB572AC3254926A80030FDE8 /* Release */,
			);
			defaultConfigurationIsVisible = 0;
			defaultConfigurationName = Release;
		};
/* End XCConfigurationList section */
	};
	rootObject = DB572AA5254926A50030FDE8 /* Project object */;
}
