// !$*UTF8*$!
{
	archiveVersion = 1;
	classes = {
	};
	objectVersion = 50;
	objects = {

/* Begin PBXBuildFile section */
		40AFB2DC24C0A38A0016F197 /* AppDelegate.swift in Sources */ = {isa = PBXBuildFile; fileRef = 40AFB2DB24C0A38A0016F197 /* AppDelegate.swift */; };
		40AFB2DE24C0A38A0016F197 /* SceneDelegate.swift in Sources */ = {isa = PBXBuildFile; fileRef = 40AFB2DD24C0A38A0016F197 /* SceneDelegate.swift */; };
		40AFB2E024C0A38A0016F197 /* ViewController.swift in Sources */ = {isa = PBXBuildFile; fileRef = 40AFB2DF24C0A38A0016F197 /* ViewController.swift */; };
		40AFB2E324C0A38A0016F197 /* Main.storyboard in Resources */ = {isa = PBXBuildFile; fileRef = 40AFB2E124C0A38A0016F197 /* Main.storyboard */; };
		40AFB2E624C0A38A0016F197 /* leviTable.xcdatamodeld in Sources */ = {isa = PBXBuildFile; fileRef = 40AFB2E424C0A38A0016F197 /* leviTable.xcdatamodeld */; };
		40AFB2E824C0A3910016F197 /* Assets.xcassets in Resources */ = {isa = PBXBuildFile; fileRef = 40AFB2E724C0A3910016F197 /* Assets.xcassets */; };
		40AFB2EB24C0A3910016F197 /* LaunchScreen.storyboard in Resources */ = {isa = PBXBuildFile; fileRef = 40AFB2E924C0A3910016F197 /* LaunchScreen.storyboard */; };
/* End PBXBuildFile section */

/* Begin PBXFileReference section */
		40AFB2D824C0A38A0016F197 /* leviTable.app */ = {isa = PBXFileReference; explicitFileType = wrapper.application; includeInIndex = 0; path = leviTable.app; sourceTree = BUILT_PRODUCTS_DIR; };
		40AFB2DB24C0A38A0016F197 /* AppDelegate.swift */ = {isa = PBXFileReference; lastKnownFileType = sourcecode.swift; path = AppDelegate.swift; sourceTree = "<group>"; };
		40AFB2DD24C0A38A0016F197 /* SceneDelegate.swift */ = {isa = PBXFileReference; lastKnownFileType = sourcecode.swift; path = SceneDelegate.swift; sourceTree = "<group>"; };
		40AFB2DF24C0A38A0016F197 /* ViewController.swift */ = {isa = PBXFileReference; lastKnownFileType = sourcecode.swift; path = ViewController.swift; sourceTree = "<group>"; };
		40AFB2E224C0A38A0016F197 /* Base */ = {isa = PBXFileReference; lastKnownFileType = file.storyboard; name = Base; path = Base.lproj/Main.storyboard; sourceTree = "<group>"; };
		40AFB2E524C0A38A0016F197 /* leviTable.xcdatamodel */ = {isa = PBXFileReference; lastKnownFileType = wrapper.xcdatamodel; path = leviTable.xcdatamodel; sourceTree = "<group>"; };
		40AFB2E724C0A3910016F197 /* Assets.xcassets */ = {isa = PBXFileReference; lastKnownFileType = folder.assetcatalog; path = Assets.xcassets; sourceTree = "<group>"; };
		40AFB2EA24C0A3910016F197 /* Base */ = {isa = PBXFileReference; lastKnownFileType = file.storyboard; name = Base; path = Base.lproj/LaunchScreen.storyboard; sourceTree = "<group>"; };
		40AFB2EC24C0A3910016F197 /* Info.plist */ = {isa = PBXFileReference; lastKnownFileType = text.plist.xml; path = Info.plist; sourceTree = "<group>"; };
/* End PBXFileReference section */

/* Begin PBXFrameworksBuildPhase section */
		40AFB2D524C0A38A0016F197 /* Frameworks */ = {
			isa = PBXFrameworksBuildPhase;
			buildActionMask = 2147483647;
			files = (
			);
			runOnlyForDeploymentPostprocessing = 0;
		};
/* End PBXFrameworksBuildPhase section */

/* Begin PBXGroup section */
		40AFB2CF24C0A38A0016F197 = {
			isa = PBXGroup;
			children = (
				40AFB2DA24C0A38A0016F197 /* leviTable */,
				40AFB2D924C0A38A0016F197 /* Products */,
			);
			sourceTree = "<group>";
		};
		40AFB2D924C0A38A0016F197 /* Products */ = {
			isa = PBXGroup;
			children = (
				40AFB2D824C0A38A0016F197 /* leviTable.app */,
			);
			name = Products;
			sourceTree = "<group>";
		};
		40AFB2DA24C0A38A0016F197 /* leviTable */ = {
			isa = PBXGroup;
			children = (
				40AFB2DB24C0A38A0016F197 /* AppDelegate.swift */,
				40AFB2DD24C0A38A0016F197 /* SceneDelegate.swift */,
				40AFB2DF24C0A38A0016F197 /* ViewController.swift */,
				40AFB2E124C0A38A0016F197 /* Main.storyboard */,
				40AFB2E724C0A3910016F197 /* Assets.xcassets */,
				40AFB2E924C0A3910016F197 /* LaunchScreen.storyboard */,
				40AFB2EC24C0A3910016F197 /* Info.plist */,
				40AFB2E424C0A38A0016F197 /* leviTable.xcdatamodeld */,
			);
			path = leviTable;
			sourceTree = "<group>";
		};
/* End PBXGroup section */

/* Begin PBXNativeTarget section */
		40AFB2D724C0A38A0016F197 /* leviTable */ = {
			isa = PBXNativeTarget;
			buildConfigurationList = 40AFB2EF24C0A3910016F197 /* Build configuration list for PBXNativeTarget "leviTable" */;
			buildPhases = (
				40AFB2D424C0A38A0016F197 /* Sources */,
				40AFB2D524C0A38A0016F197 /* Frameworks */,
				40AFB2D624C0A38A0016F197 /* Resources */,
			);
			buildRules = (
			);
			dependencies = (
			);
			name = leviTable;
			productName = leviTable;
			productReference = 40AFB2D824C0A38A0016F197 /* leviTable.app */;
			productType = "com.apple.product-type.application";
		};
/* End PBXNativeTarget section */

/* Begin PBXProject section */
		40AFB2D024C0A38A0016F197 /* Project object */ = {
			isa = PBXProject;
			attributes = {
				LastSwiftUpdateCheck = 1150;
				LastUpgradeCheck = 1150;
				ORGANIZATIONNAME = seojuhee;
				TargetAttributes = {
					40AFB2D724C0A38A0016F197 = {
						CreatedOnToolsVersion = 11.5;
					};
				};
			};
			buildConfigurationList = 40AFB2D324C0A38A0016F197 /* Build configuration list for PBXProject "leviTable" */;
			compatibilityVersion = "Xcode 9.3";
			developmentRegion = en;
			hasScannedForEncodings = 0;
			knownRegions = (
				en,
				Base,
			);
			mainGroup = 40AFB2CF24C0A38A0016F197;
			productRefGroup = 40AFB2D924C0A38A0016F197 /* Products */;
			projectDirPath = "";
			projectRoot = "";
			targets = (
				40AFB2D724C0A38A0016F197 /* leviTable */,
			);
		};
/* End PBXProject section */

/* Begin PBXResourcesBuildPhase section */
		40AFB2D624C0A38A0016F197 /* Resources */ = {
			isa = PBXResourcesBuildPhase;
			buildActionMask = 2147483647;
			files = (
				40AFB2EB24C0A3910016F197 /* LaunchScreen.storyboard in Resources */,
				40AFB2E824C0A3910016F197 /* Assets.xcassets in Resources */,
				40AFB2E324C0A38A0016F197 /* Main.storyboard in Resources */,
			);
			runOnlyForDeploymentPostprocessing = 0;
		};
/* End PBXResourcesBuildPhase section */

/* Begin PBXSourcesBuildPhase section */
		40AFB2D424C0A38A0016F197 /* Sources */ = {
			isa = PBXSourcesBuildPhase;
			buildActionMask = 2147483647;
			files = (
				40AFB2E024C0A38A0016F197 /* ViewController.swift in Sources */,
				40AFB2DC24C0A38A0016F197 /* AppDelegate.swift in Sources */,
				40AFB2E624C0A38A0016F197 /* leviTable.xcdatamodeld in Sources */,
				40AFB2DE24C0A38A0016F197 /* SceneDelegate.swift in Sources */,
			);
			runOnlyForDeploymentPostprocessing = 0;
		};
/* End PBXSourcesBuildPhase section */

/* Begin PBXVariantGroup section */
		40AFB2E124C0A38A0016F197 /* Main.storyboard */ = {
			isa = PBXVariantGroup;
			children = (
				40AFB2E224C0A38A0016F197 /* Base */,
			);
			name = Main.storyboard;
			sourceTree = "<group>";
		};
		40AFB2E924C0A3910016F197 /* LaunchScreen.storyboard */ = {
			isa = PBXVariantGroup;
			children = (
				40AFB2EA24C0A3910016F197 /* Base */,
			);
			name = LaunchScreen.storyboard;
			sourceTree = "<group>";
		};
/* End PBXVariantGroup section */

/* Begin XCBuildConfiguration section */
		40AFB2ED24C0A3910016F197 /* Debug */ = {
			isa = XCBuildConfiguration;
			buildSettings = {
				ALWAYS_SEARCH_USER_PATHS = NO;
				CLANG_ANALYZER_NONNULL = YES;
				CLANG_ANALYZER_NUMBER_OBJECT_CONVERSION = YES_AGGRESSIVE;
				CLANG_CXX_LANGUAGE_STANDARD = "gnu++14";
				CLANG_CXX_LIBRARY = "libc++";
				CLANG_ENABLE_MODULES = YES;
				CLANG_ENABLE_OBJC_ARC = YES;
				CLANG_ENABLE_OBJC_WEAK = YES;
				CLANG_WARN_BLOCK_CAPTURE_AUTORELEASING = YES;
				CLANG_WARN_BOOL_CONVERSION = YES;
				CLANG_WARN_COMMA = YES;
				CLANG_WARN_CONSTANT_CONVERSION = YES;
				CLANG_WARN_DEPRECATED_OBJC_IMPLEMENTATIONS = YES;
				CLANG_WARN_DIRECT_OBJC_ISA_USAGE = YES_ERROR;
				CLANG_WARN_DOCUMENTATION_COMMENTS = YES;
				CLANG_WARN_EMPTY_BODY = YES;
				CLANG_WARN_ENUM_CONVERSION = YES;
				CLANG_WARN_INFINITE_RECURSION = YES;
				CLANG_WARN_INT_CONVERSION = YES;
				CLANG_WARN_NON_LITERAL_NULL_CONVERSION = YES;
				CLANG_WARN_OBJC_IMPLICIT_RETAIN_SELF = YES;
				CLANG_WARN_OBJC_LITERAL_CONVERSION = YES;
				CLANG_WARN_OBJC_ROOT_CLASS = YES_ERROR;
				CLANG_WARN_RANGE_LOOP_ANALYSIS = YES;
				CLANG_WARN_STRICT_PROTOTYPES = YES;
				CLANG_WARN_SUSPICIOUS_MOVE = YES;
				CLANG_WARN_UNGUARDED_AVAILABILITY = YES_AGGRESSIVE;
				CLANG_WARN_UNREACHABLE_CODE = YES;
				CLANG_WARN__DUPLICATE_METHOD_MATCH = YES;
				COPY_PHASE_STRIP = NO;
				DEBUG_INFORMATION_FORMAT = dwarf;
				ENABLE_STRICT_OBJC_MSGSEND = YES;
				ENABLE_TESTABILITY = YES;
				GCC_C_LANGUAGE_STANDARD = gnu11;
				GCC_DYNAMIC_NO_PIC = NO;
				GCC_NO_COMMON_BLOCKS = YES;
				GCC_OPTIMIZATION_LEVEL = 0;
				GCC_PREPROCESSOR_DEFINITIONS = (
					"DEBUG=1",
					"$(inherited)",
				);
				GCC_WARN_64_TO_32_BIT_CONVERSION = YES;
				GCC_WARN_ABOUT_RETURN_TYPE = YES_ERROR;
				GCC_WARN_UNDECLARED_SELECTOR = YES;
				GCC_WARN_UNINITIALIZED_AUTOS = YES_AGGRESSIVE;
				GCC_WARN_UNUSED_FUNCTION = YES;
				GCC_WARN_UNUSED_VARIABLE = YES;
				IPHONEOS_DEPLOYMENT_TARGET = 13.5;
				MTL_ENABLE_DEBUG_INFO = INCLUDE_SOURCE;
				MTL_FAST_MATH = YES;
				ONLY_ACTIVE_ARCH = YES;
				SDKROOT = iphoneos;
				SWIFT_ACTIVE_COMPILATION_CONDITIONS = DEBUG;
				SWIFT_OPTIMIZATION_LEVEL = "-Onone";
			};
			name = Debug;
		};
		40AFB2EE24C0A3910016F197 /* Release */ = {
			isa = XCBuildConfiguration;
			buildSettings = {
				ALWAYS_SEARCH_USER_PATHS = NO;
				CLANG_ANALYZER_NONNULL = YES;
				CLANG_ANALYZER_NUMBER_OBJECT_CONVERSION = YES_AGGRESSIVE;
				CLANG_CXX_LANGUAGE_STANDARD = "gnu++14";
				CLANG_CXX_LIBRARY = "libc++";
				CLANG_ENABLE_MODULES = YES;
				CLANG_ENABLE_OBJC_ARC = YES;
				CLANG_ENABLE_OBJC_WEAK = YES;
				CLANG_WARN_BLOCK_CAPTURE_AUTORELEASING = YES;
				CLANG_WARN_BOOL_CONVERSION = YES;
				CLANG_WARN_COMMA = YES;
				CLANG_WARN_CONSTANT_CONVERSION = YES;
				CLANG_WARN_DEPRECATED_OBJC_IMPLEMENTATIONS = YES;
				CLANG_WARN_DIRECT_OBJC_ISA_USAGE = YES_ERROR;
				CLANG_WARN_DOCUMENTATION_COMMENTS = YES;
				CLANG_WARN_EMPTY_BODY = YES;
				CLANG_WARN_ENUM_CONVERSION = YES;
				CLANG_WARN_INFINITE_RECURSION = YES;
				CLANG_WARN_INT_CONVERSION = YES;
				CLANG_WARN_NON_LITERAL_NULL_CONVERSION = YES;
				CLANG_WARN_OBJC_IMPLICIT_RETAIN_SELF = YES;
				CLANG_WARN_OBJC_LITERAL_CONVERSION = YES;
				CLANG_WARN_OBJC_ROOT_CLASS = YES_ERROR;
				CLANG_WARN_RANGE_LOOP_ANALYSIS = YES;
				CLANG_WARN_STRICT_PROTOTYPES = YES;
				CLANG_WARN_SUSPICIOUS_MOVE = YES;
				CLANG_WARN_UNGUARDED_AVAILABILITY = YES_AGGRESSIVE;
				CLANG_WARN_UNREACHABLE_CODE = YES;
				CLANG_WARN__DUPLICATE_METHOD_MATCH = YES;
				COPY_PHASE_STRIP = NO;
				DEBUG_INFORMATION_FORMAT = "dwarf-with-dsym";
				ENABLE_NS_ASSERTIONS = NO;
				ENABLE_STRICT_OBJC_MSGSEND = YES;
				GCC_C_LANGUAGE_STANDARD = gnu11;
				GCC_NO_COMMON_BLOCKS = YES;
				GCC_WARN_64_TO_32_BIT_CONVERSION = YES;
				GCC_WARN_ABOUT_RETURN_TYPE = YES_ERROR;
				GCC_WARN_UNDECLARED_SELECTOR = YES;
				GCC_WARN_UNINITIALIZED_AUTOS = YES_AGGRESSIVE;
				GCC_WARN_UNUSED_FUNCTION = YES;
				GCC_WARN_UNUSED_VARIABLE = YES;
				IPHONEOS_DEPLOYMENT_TARGET = 13.5;
				MTL_ENABLE_DEBUG_INFO = NO;
				MTL_FAST_MATH = YES;
				SDKROOT = iphoneos;
				SWIFT_COMPILATION_MODE = wholemodule;
				SWIFT_OPTIMIZATION_LEVEL = "-O";
				VALIDATE_PRODUCT = YES;
			};
			name = Release;
		};
		40AFB2F024C0A3910016F197 /* Debug */ = {
			isa = XCBuildConfiguration;
			buildSettings = {
				ASSETCATALOG_COMPILER_APPICON_NAME = AppIcon;
				CODE_SIGN_STYLE = Automatic;
				INFOPLIST_FILE = leviTable/Info.plist;
				LD_RUNPATH_SEARCH_PATHS = (
					"$(inherited)",
					"@executable_path/Frameworks",
				);
				PRODUCT_BUNDLE_IDENTIFIER = com.leviTable;
				PRODUCT_NAME = "$(TARGET_NAME)";
				SWIFT_VERSION = 5.0;
				TARGETED_DEVICE_FAMILY = "1,2";
			};
			name = Debug;
		};
		40AFB2F124C0A3910016F197 /* Release */ = {
			isa = XCBuildConfiguration;
			buildSettings = {
				ASSETCATALOG_COMPILER_APPICON_NAME = AppIcon;
				CODE_SIGN_STYLE = Automatic;
				INFOPLIST_FILE = leviTable/Info.plist;
				LD_RUNPATH_SEARCH_PATHS = (
					"$(inherited)",
					"@executable_path/Frameworks",
				);
				PRODUCT_BUNDLE_IDENTIFIER = com.leviTable;
				PRODUCT_NAME = "$(TARGET_NAME)";
				SWIFT_VERSION = 5.0;
				TARGETED_DEVICE_FAMILY = "1,2";
			};
			name = Release;
		};
/* End XCBuildConfiguration section */

/* Begin XCConfigurationList section */
		40AFB2D324C0A38A0016F197 /* Build configuration list for PBXProject "leviTable" */ = {
			isa = XCConfigurationList;
			buildConfigurations = (
				40AFB2ED24C0A3910016F197 /* Debug */,
				40AFB2EE24C0A3910016F197 /* Release */,
			);
			defaultConfigurationIsVisible = 0;
			defaultConfigurationName = Release;
		};
		40AFB2EF24C0A3910016F197 /* Build configuration list for PBXNativeTarget "leviTable" */ = {
			isa = XCConfigurationList;
			buildConfigurations = (
				40AFB2F024C0A3910016F197 /* Debug */,
				40AFB2F124C0A3910016F197 /* Release */,
			);
			defaultConfigurationIsVisible = 0;
			defaultConfigurationName = Release;
		};
/* End XCConfigurationList section */

/* Begin XCVersionGroup section */
		40AFB2E424C0A38A0016F197 /* leviTable.xcdatamodeld */ = {
			isa = XCVersionGroup;
			children = (
				40AFB2E524C0A38A0016F197 /* leviTable.xcdatamodel */,
			);
			currentVersion = 40AFB2E524C0A38A0016F197 /* leviTable.xcdatamodel */;
			path = leviTable.xcdatamodeld;
			sourceTree = "<group>";
			versionGroupType = wrapper.xcdatamodel;
		};
/* End XCVersionGroup section */
	};
	rootObject = 40AFB2D024C0A38A0016F197 /* Project object */;
}
